
Microsoft Visual Studio Solution File, Format Version 12.00
# Visual Studio Version 17
VisualStudioVersion = 17.10.35013.160
MinimumVisualStudioVersion = 10.0.40219.1
Project("{FAE04EC0-301F-11D3-BF4B-00C04F79EFBC}") = "Models", "Models\Models.csproj", "{8CA2DD53-068A-4209-ADF8-F4A8CE4E31C6}"
EndProject
Project("{FAE04EC0-301F-11D3-BF4B-00C04F79EFBC}") = "Data", "Data\Data.csproj", "{84F0ECCC-89DB-412E-B52A-F4B9A596AED9}"
EndProject
Project("{FAE04EC0-301F-11D3-BF4B-00C04F79EFBC}") = "WebApi", "WebApi\WebApi.csproj", "{01E82F10-A429-4872-87CB-4E7EA006F837}"
EndProject
Global
	GlobalSection(SolutionConfigurationPlatforms) = preSolution
		Debug|Any CPU = Debug|Any CPU
		Release|Any CPU = Release|Any CPU
	EndGlobalSection
	GlobalSection(ProjectConfigurationPlatforms) = postSolution
		{8CA2DD53-068A-4209-ADF8-F4A8CE4E31C6}.Debug|Any CPU.ActiveCfg = Debug|Any CPU
		{8CA2DD53-068A-4209-ADF8-F4A8CE4E31C6}.Debug|Any CPU.Build.0 = Debug|Any CPU
		{8CA2DD53-068A-4209-ADF8-F4A8CE4E31C6}.Release|Any CPU.ActiveCfg = Release|Any CPU
		{8CA2DD53-068A-4209-ADF8-F4A8CE4E31C6}.Release|Any CPU.Build.0 = Release|Any CPU
		{84F0ECCC-89DB-412E-B52A-F4B9A596AED9}.Debug|Any CPU.ActiveCfg = Debug|Any CPU
		{84F0ECCC-89DB-412E-B52A-F4B9A596AED9}.Debug|Any CPU.Build.0 = Debug|Any CPU
		{84F0ECCC-89DB-412E-B52A-F4B9A596AED9}.Release|Any CPU.ActiveCfg = Release|Any CPU
		{84F0ECCC-89DB-412E-B52A-F4B9A596AED9}.Release|Any CPU.Build.0 = Release|Any CPU
		{01E82F10-A429-4872-87CB-4E7EA006F837}.Debug|Any CPU.ActiveCfg = Debug|Any CPU
		{01E82F10-A429-4872-87CB-4E7EA006F837}.Debug|Any CPU.Build.0 = Debug|Any CPU
		{01E82F10-A429-4872-87CB-4E7EA006F837}.Release|Any CPU.ActiveCfg = Release|Any CPU
		{01E82F10-A429-4872-87CB-4E7EA006F837}.Release|Any CPU.Build.0 = Release|Any CPU
	EndGlobalSection
	GlobalSection(SolutionProperties) = preSolution
		HideSolutionNode = FALSE
	EndGlobalSection
	GlobalSection(ExtensibilityGlobals) = postSolution
		SolutionGuid = {E0A592AA-7711-47B2-BFB2-443A2FCDC6CC}
	EndGlobalSection
EndGlobal
